// !$*UTF8*$!
{
	archiveVersion = 1;
	classes = {
	};
	objectVersion = 56;
	objects = {

/* Begin PBXBuildFile section */
		E78037052BB64F2900352250 /* AppDelegate.swift in Sources */ = {isa = PBXBuildFile; fileRef = E78037042BB64F2900352250 /* AppDelegate.swift */; };
		E78037072BB64F2900352250 /* SceneDelegate.swift in Sources */ = {isa = PBXBuildFile; fileRef = E78037062BB64F2900352250 /* SceneDelegate.swift */; };
		E78037092BB64F2900352250 /* ViewController.swift in Sources */ = {isa = PBXBuildFile; fileRef = E78037082BB64F2900352250 /* ViewController.swift */; };
		E780370C2BB64F2900352250 /* Main.storyboard in Resources */ = {isa = PBXBuildFile; fileRef = E780370A2BB64F2900352250 /* Main.storyboard */; };
		E780370E2BB64F2B00352250 /* Assets.xcassets in Resources */ = {isa = PBXBuildFile; fileRef = E780370D2BB64F2B00352250 /* Assets.xcassets */; };
		E78037112BB64F2B00352250 /* LaunchScreen.storyboard in Resources */ = {isa = PBXBuildFile; fileRef = E780370F2BB64F2B00352250 /* LaunchScreen.storyboard */; };
		E780371A2BB6507900352250 /* MovieListViewModel.swift in Sources */ = {isa = PBXBuildFile; fileRef = E78037192BB6507900352250 /* MovieListViewModel.swift */; };
		E780371D2BB6509400352250 /* String Extensions.swift in Sources */ = {isa = PBXBuildFile; fileRef = E780371C2BB6509400352250 /* String Extensions.swift */; };
		E78037202BB650A900352250 /* HTTPClient.swift in Sources */ = {isa = PBXBuildFile; fileRef = E780371F2BB650A900352250 /* HTTPClient.swift */; };
		E78037232BB650BE00352250 /* Movie.swift in Sources */ = {isa = PBXBuildFile; fileRef = E78037222BB650BE00352250 /* Movie.swift */; };
/* End PBXBuildFile section */

/* Begin PBXFileReference section */
		E78037012BB64F2900352250 /* Networking aka Combine.app */ = {isa = PBXFileReference; explicitFileType = wrapper.application; includeInIndex = 0; path = "Networking aka Combine.app"; sourceTree = BUILT_PRODUCTS_DIR; };
		E78037042BB64F2900352250 /* AppDelegate.swift */ = {isa = PBXFileReference; lastKnownFileType = sourcecode.swift; path = AppDelegate.swift; sourceTree = "<group>"; };
		E78037062BB64F2900352250 /* SceneDelegate.swift */ = {isa = PBXFileReference; lastKnownFileType = sourcecode.swift; path = SceneDelegate.swift; sourceTree = "<group>"; };
		E78037082BB64F2900352250 /* ViewController.swift */ = {isa = PBXFileReference; lastKnownFileType = sourcecode.swift; path = ViewController.swift; sourceTree = "<group>"; };
		E780370B2BB64F2900352250 /* Base */ = {isa = PBXFileReference; lastKnownFileType = file.storyboard; name = Base; path = Base.lproj/Main.storyboard; sourceTree = "<group>"; };
		E780370D2BB64F2B00352250 /* Assets.xcassets */ = {isa = PBXFileReference; lastKnownFileType = folder.assetcatalog; path = Assets.xcassets; sourceTree = "<group>"; };
		E78037102BB64F2B00352250 /* Base */ = {isa = PBXFileReference; lastKnownFileType = file.storyboard; name = Base; path = Base.lproj/LaunchScreen.storyboard; sourceTree = "<group>"; };
		E78037122BB64F2B00352250 /* Info.plist */ = {isa = PBXFileReference; lastKnownFileType = text.plist.xml; path = Info.plist; sourceTree = "<group>"; };
		E78037192BB6507900352250 /* MovieListViewModel.swift */ = {isa = PBXFileReference; lastKnownFileType = sourcecode.swift; path = MovieListViewModel.swift; sourceTree = "<group>"; };
		E780371C2BB6509400352250 /* String Extensions.swift */ = {isa = PBXFileReference; lastKnownFileType = sourcecode.swift; path = "String Extensions.swift"; sourceTree = "<group>"; };
		E780371F2BB650A900352250 /* HTTPClient.swift */ = {isa = PBXFileReference; lastKnownFileType = sourcecode.swift; path = HTTPClient.swift; sourceTree = "<group>"; };
		E78037222BB650BE00352250 /* Movie.swift */ = {isa = PBXFileReference; lastKnownFileType = sourcecode.swift; path = Movie.swift; sourceTree = "<group>"; };
/* End PBXFileReference section */

/* Begin PBXFrameworksBuildPhase section */
		E78036FE2BB64F2900352250 /* Frameworks */ = {
			isa = PBXFrameworksBuildPhase;
			buildActionMask = 2147483647;
			files = (
			);
			runOnlyForDeploymentPostprocessing = 0;
		};
/* End PBXFrameworksBuildPhase section */

/* Begin PBXGroup section */
		E78036F82BB64F2900352250 = {
			isa = PBXGroup;
			children = (
				E78037032BB64F2900352250 /* Networking aka Combine */,
				E78037022BB64F2900352250 /* Products */,
			);
			sourceTree = "<group>";
		};
		E78037022BB64F2900352250 /* Products */ = {
			isa = PBXGroup;
			children = (
				E78037012BB64F2900352250 /* Networking aka Combine.app */,
			);
			name = Products;
			sourceTree = "<group>";
		};
		E78037032BB64F2900352250 /* Networking aka Combine */ = {
			isa = PBXGroup;
			children = (
				E78037212BB650B600352250 /* Models */,
				E780371E2BB650A000352250 /* Clients */,
				E780371B2BB6508800352250 /* Extensions */,
				E78037182BB6506E00352250 /* ViewModel */,
				E78037042BB64F2900352250 /* AppDelegate.swift */,
				E78037062BB64F2900352250 /* SceneDelegate.swift */,
				E78037082BB64F2900352250 /* ViewController.swift */,
				E780370A2BB64F2900352250 /* Main.storyboard */,
				E780370D2BB64F2B00352250 /* Assets.xcassets */,
				E780370F2BB64F2B00352250 /* LaunchScreen.storyboard */,
				E78037122BB64F2B00352250 /* Info.plist */,
			);
			path = "Networking aka Combine";
			sourceTree = "<group>";
		};
		E78037182BB6506E00352250 /* ViewModel */ = {
			isa = PBXGroup;
			children = (
				E78037192BB6507900352250 /* MovieListViewModel.swift */,
			);
			path = ViewModel;
			sourceTree = "<group>";
		};
		E780371B2BB6508800352250 /* Extensions */ = {
			isa = PBXGroup;
			children = (
				E780371C2BB6509400352250 /* String Extensions.swift */,
			);
			path = Extensions;
			sourceTree = "<group>";
		};
		E780371E2BB650A000352250 /* Clients */ = {
			isa = PBXGroup;
			children = (
				E780371F2BB650A900352250 /* HTTPClient.swift */,
			);
			path = Clients;
			sourceTree = "<group>";
		};
		E78037212BB650B600352250 /* Models */ = {
			isa = PBXGroup;
			children = (
				E78037222BB650BE00352250 /* Movie.swift */,
			);
			path = Models;
			sourceTree = "<group>";
		};
/* End PBXGroup section */

/* Begin PBXNativeTarget section */
		E78037002BB64F2900352250 /* Networking aka Combine */ = {
			isa = PBXNativeTarget;
			buildConfigurationList = E78037152BB64F2B00352250 /* Build configuration list for PBXNativeTarget "Networking aka Combine" */;
			buildPhases = (
				E78036FD2BB64F2900352250 /* Sources */,
				E78036FE2BB64F2900352250 /* Frameworks */,
				E78036FF2BB64F2900352250 /* Resources */,
			);
			buildRules = (
			);
			dependencies = (
			);
			name = "Networking aka Combine";
			productName = "Networking aka Combine";
			productReference = E78037012BB64F2900352250 /* Networking aka Combine.app */;
			productType = "com.apple.product-type.application";
		};
/* End PBXNativeTarget section */

/* Begin PBXProject section */
		E78036F92BB64F2900352250 /* Project object */ = {
			isa = PBXProject;
			attributes = {
				BuildIndependentTargetsInParallel = 1;
				LastSwiftUpdateCheck = 1520;
				LastUpgradeCheck = 1520;
				TargetAttributes = {
					E78037002BB64F2900352250 = {
						CreatedOnToolsVersion = 15.2;
					};
				};
			};
			buildConfigurationList = E78036FC2BB64F2900352250 /* Build configuration list for PBXProject "Networking aka Combine" */;
			compatibilityVersion = "Xcode 14.0";
			developmentRegion = en;
			hasScannedForEncodings = 0;
			knownRegions = (
				en,
				Base,
			);
			mainGroup = E78036F82BB64F2900352250;
			productRefGroup = E78037022BB64F2900352250 /* Products */;
			projectDirPath = "";
			projectRoot = "";
			targets = (
				E78037002BB64F2900352250 /* Networking aka Combine */,
			);
		};
/* End PBXProject section */

/* Begin PBXResourcesBuildPhase section */
		E78036FF2BB64F2900352250 /* Resources */ = {
			isa = PBXResourcesBuildPhase;
			buildActionMask = 2147483647;
			files = (
				E78037112BB64F2B00352250 /* LaunchScreen.storyboard in Resources */,
				E780370E2BB64F2B00352250 /* Assets.xcassets in Resources */,
				E780370C2BB64F2900352250 /* Main.storyboard in Resources */,
			);
			runOnlyForDeploymentPostprocessing = 0;
		};
/* End PBXResourcesBuildPhase section */

/* Begin PBXSourcesBuildPhase section */
		E78036FD2BB64F2900352250 /* Sources */ = {
			isa = PBXSourcesBuildPhase;
			buildActionMask = 2147483647;
			files = (
				E78037232BB650BE00352250 /* Movie.swift in Sources */,
				E780371D2BB6509400352250 /* String Extensions.swift in Sources */,
				E78037092BB64F2900352250 /* ViewController.swift in Sources */,
				E78037202BB650A900352250 /* HTTPClient.swift in Sources */,
				E78037052BB64F2900352250 /* AppDelegate.swift in Sources */,
				E78037072BB64F2900352250 /* SceneDelegate.swift in Sources */,
				E780371A2BB6507900352250 /* MovieListViewModel.swift in Sources */,
			);
			runOnlyForDeploymentPostprocessing = 0;
		};
/* End PBXSourcesBuildPhase section */

/* Begin PBXVariantGroup section */
		E780370A2BB64F2900352250 /* Main.storyboard */ = {
			isa = PBXVariantGroup;
			children = (
				E780370B2BB64F2900352250 /* Base */,
			);
			name = Main.storyboard;
			sourceTree = "<group>";
		};
		E780370F2BB64F2B00352250 /* LaunchScreen.storyboard */ = {
			isa = PBXVariantGroup;
			children = (
				E78037102BB64F2B00352250 /* Base */,
			);
			name = LaunchScreen.storyboard;
			sourceTree = "<group>";
		};
/* End PBXVariantGroup section */

/* Begin XCBuildConfiguration section */
		E78037132BB64F2B00352250 /* Debug */ = {
			isa = XCBuildConfiguration;
			buildSettings = {
				ALWAYS_SEARCH_USER_PATHS = NO;
				ASSETCATALOG_COMPILER_GENERATE_SWIFT_ASSET_SYMBOL_EXTENSIONS = YES;
				CLANG_ANALYZER_NONNULL = YES;
				CLANG_ANALYZER_NUMBER_OBJECT_CONVERSION = YES_AGGRESSIVE;
				CLANG_CXX_LANGUAGE_STANDARD = "gnu++20";
				CLANG_ENABLE_MODULES = YES;
				CLANG_ENABLE_OBJC_ARC = YES;
				CLANG_ENABLE_OBJC_WEAK = YES;
				CLANG_WARN_BLOCK_CAPTURE_AUTORELEASING = YES;
				CLANG_WARN_BOOL_CONVERSION = YES;
				CLANG_WARN_COMMA = YES;
				CLANG_WARN_CONSTANT_CONVERSION = YES;
				CLANG_WARN_DEPRECATED_OBJC_IMPLEMENTATIONS = YES;
				CLANG_WARN_DIRECT_OBJC_ISA_USAGE = YES_ERROR;
				CLANG_WARN_DOCUMENTATION_COMMENTS = YES;
				CLANG_WARN_EMPTY_BODY = YES;
				CLANG_WARN_ENUM_CONVERSION = YES;
				CLANG_WARN_INFINITE_RECURSION = YES;
				CLANG_WARN_INT_CONVERSION = YES;
				CLANG_WARN_NON_LITERAL_NULL_CONVERSION = YES;
				CLANG_WARN_OBJC_IMPLICIT_RETAIN_SELF = YES;
				CLANG_WARN_OBJC_LITERAL_CONVERSION = YES;
				CLANG_WARN_OBJC_ROOT_CLASS = YES_ERROR;
				CLANG_WARN_QUOTED_INCLUDE_IN_FRAMEWORK_HEADER = YES;
				CLANG_WARN_RANGE_LOOP_ANALYSIS = YES;
				CLANG_WARN_STRICT_PROTOTYPES = YES;
				CLANG_WARN_SUSPICIOUS_MOVE = YES;
				CLANG_WARN_UNGUARDED_AVAILABILITY = YES_AGGRESSIVE;
				CLANG_WARN_UNREACHABLE_CODE = YES;
				CLANG_WARN__DUPLICATE_METHOD_MATCH = YES;
				COPY_PHASE_STRIP = NO;
				DEBUG_INFORMATION_FORMAT = dwarf;
				ENABLE_STRICT_OBJC_MSGSEND = YES;
				ENABLE_TESTABILITY = YES;
				ENABLE_USER_SCRIPT_SANDBOXING = YES;
				GCC_C_LANGUAGE_STANDARD = gnu17;
				GCC_DYNAMIC_NO_PIC = NO;
				GCC_NO_COMMON_BLOCKS = YES;
				GCC_OPTIMIZATION_LEVEL = 0;
				GCC_PREPROCESSOR_DEFINITIONS = (
					"DEBUG=1",
					"$(inherited)",
				);
				GCC_WARN_64_TO_32_BIT_CONVERSION = YES;
				GCC_WARN_ABOUT_RETURN_TYPE = YES_ERROR;
				GCC_WARN_UNDECLARED_SELECTOR = YES;
				GCC_WARN_UNINITIALIZED_AUTOS = YES_AGGRESSIVE;
				GCC_WARN_UNUSED_FUNCTION = YES;
				GCC_WARN_UNUSED_VARIABLE = YES;
				IPHONEOS_DEPLOYMENT_TARGET = 17.2;
				LOCALIZATION_PREFERS_STRING_CATALOGS = YES;
				MTL_ENABLE_DEBUG_INFO = INCLUDE_SOURCE;
				MTL_FAST_MATH = YES;
				ONLY_ACTIVE_ARCH = YES;
				SDKROOT = iphoneos;
				SWIFT_ACTIVE_COMPILATION_CONDITIONS = "DEBUG $(inherited)";
				SWIFT_OPTIMIZATION_LEVEL = "-Onone";
			};
			name = Debug;
		};
		E78037142BB64F2B00352250 /* Release */ = {
			isa = XCBuildConfiguration;
			buildSettings = {
				ALWAYS_SEARCH_USER_PATHS = NO;
				ASSETCATALOG_COMPILER_GENERATE_SWIFT_ASSET_SYMBOL_EXTENSIONS = YES;
				CLANG_ANALYZER_NONNULL = YES;
				CLANG_ANALYZER_NUMBER_OBJECT_CONVERSION = YES_AGGRESSIVE;
				CLANG_CXX_LANGUAGE_STANDARD = "gnu++20";
				CLANG_ENABLE_MODULES = YES;
				CLANG_ENABLE_OBJC_ARC = YES;
				CLANG_ENABLE_OBJC_WEAK = YES;
				CLANG_WARN_BLOCK_CAPTURE_AUTORELEASING = YES;
				CLANG_WARN_BOOL_CONVERSION = YES;
				CLANG_WARN_COMMA = YES;
				CLANG_WARN_CONSTANT_CONVERSION = YES;
				CLANG_WARN_DEPRECATED_OBJC_IMPLEMENTATIONS = YES;
				CLANG_WARN_DIRECT_OBJC_ISA_USAGE = YES_ERROR;
				CLANG_WARN_DOCUMENTATION_COMMENTS = YES;
				CLANG_WARN_EMPTY_BODY = YES;
				CLANG_WARN_ENUM_CONVERSION = YES;
				CLANG_WARN_INFINITE_RECURSION = YES;
				CLANG_WARN_INT_CONVERSION = YES;
				CLANG_WARN_NON_LITERAL_NULL_CONVERSION = YES;
				CLANG_WARN_OBJC_IMPLICIT_RETAIN_SELF = YES;
				CLANG_WARN_OBJC_LITERAL_CONVERSION = YES;
				CLANG_WARN_OBJC_ROOT_CLASS = YES_ERROR;
				CLANG_WARN_QUOTED_INCLUDE_IN_FRAMEWORK_HEADER = YES;
				CLANG_WARN_RANGE_LOOP_ANALYSIS = YES;
				CLANG_WARN_STRICT_PROTOTYPES = YES;
				CLANG_WARN_SUSPICIOUS_MOVE = YES;
				CLANG_WARN_UNGUARDED_AVAILABILITY = YES_AGGRESSIVE;
				CLANG_WARN_UNREACHABLE_CODE = YES;
				CLANG_WARN__DUPLICATE_METHOD_MATCH = YES;
				COPY_PHASE_STRIP = NO;
				DEBUG_INFORMATION_FORMAT = "dwarf-with-dsym";
				ENABLE_NS_ASSERTIONS = NO;
				ENABLE_STRICT_OBJC_MSGSEND = YES;
				ENABLE_USER_SCRIPT_SANDBOXING = YES;
				GCC_C_LANGUAGE_STANDARD = gnu17;
				GCC_NO_COMMON_BLOCKS = YES;
				GCC_WARN_64_TO_32_BIT_CONVERSION = YES;
				GCC_WARN_ABOUT_RETURN_TYPE = YES_ERROR;
				GCC_WARN_UNDECLARED_SELECTOR = YES;
				GCC_WARN_UNINITIALIZED_AUTOS = YES_AGGRESSIVE;
				GCC_WARN_UNUSED_FUNCTION = YES;
				GCC_WARN_UNUSED_VARIABLE = YES;
				IPHONEOS_DEPLOYMENT_TARGET = 17.2;
				LOCALIZATION_PREFERS_STRING_CATALOGS = YES;
				MTL_ENABLE_DEBUG_INFO = NO;
				MTL_FAST_MATH = YES;
				SDKROOT = iphoneos;
				SWIFT_COMPILATION_MODE = wholemodule;
				VALIDATE_PRODUCT = YES;
			};
			name = Release;
		};
		E78037162BB64F2B00352250 /* Debug */ = {
			isa = XCBuildConfiguration;
			buildSettings = {
				ASSETCATALOG_COMPILER_APPICON_NAME = AppIcon;
				ASSETCATALOG_COMPILER_GLOBAL_ACCENT_COLOR_NAME = AccentColor;
				CODE_SIGN_STYLE = Automatic;
				CURRENT_PROJECT_VERSION = 1;
				GENERATE_INFOPLIST_FILE = YES;
				INFOPLIST_FILE = "Networking aka Combine/Info.plist";
				INFOPLIST_KEY_UIApplicationSupportsIndirectInputEvents = YES;
				INFOPLIST_KEY_UILaunchStoryboardName = LaunchScreen;
				INFOPLIST_KEY_UIMainStoryboardFile = Main;
				INFOPLIST_KEY_UISupportedInterfaceOrientations_iPad = "UIInterfaceOrientationPortrait UIInterfaceOrientationPortraitUpsideDown UIInterfaceOrientationLandscapeLeft UIInterfaceOrientationLandscapeRight";
				INFOPLIST_KEY_UISupportedInterfaceOrientations_iPhone = "UIInterfaceOrientationPortrait UIInterfaceOrientationLandscapeLeft UIInterfaceOrientationLandscapeRight";
				LD_RUNPATH_SEARCH_PATHS = (
					"$(inherited)",
					"@executable_path/Frameworks",
				);
				MARKETING_VERSION = 1.0;
				PRODUCT_BUNDLE_IDENTIFIER = "com.hamza.device.Networking-aka-Combine";
				PRODUCT_NAME = "$(TARGET_NAME)";
				SWIFT_EMIT_LOC_STRINGS = YES;
				SWIFT_VERSION = 5.0;
				TARGETED_DEVICE_FAMILY = "1,2";
			};
			name = Debug;
		};
		E78037172BB64F2B00352250 /* Release */ = {
			isa = XCBuildConfiguration;
			buildSettings = {
				ASSETCATALOG_COMPILER_APPICON_NAME = AppIcon;
				ASSETCATALOG_COMPILER_GLOBAL_ACCENT_COLOR_NAME = AccentColor;
				CODE_SIGN_STYLE = Automatic;
				CURRENT_PROJECT_VERSION = 1;
				GENERATE_INFOPLIST_FILE = YES;
				INFOPLIST_FILE = "Networking aka Combine/Info.plist";
				INFOPLIST_KEY_UIApplicationSupportsIndirectInputEvents = YES;
				INFOPLIST_KEY_UILaunchStoryboardName = LaunchScreen;
				INFOPLIST_KEY_UIMainStoryboardFile = Main;
				INFOPLIST_KEY_UISupportedInterfaceOrientations_iPad = "UIInterfaceOrientationPortrait UIInterfaceOrientationPortraitUpsideDown UIInterfaceOrientationLandscapeLeft UIInterfaceOrientationLandscapeRight";
				INFOPLIST_KEY_UISupportedInterfaceOrientations_iPhone = "UIInterfaceOrientationPortrait UIInterfaceOrientationLandscapeLeft UIInterfaceOrientationLandscapeRight";
				LD_RUNPATH_SEARCH_PATHS = (
					"$(inherited)",
					"@executable_path/Frameworks",
				);
				MARKETING_VERSION = 1.0;
				PRODUCT_BUNDLE_IDENTIFIER = "com.hamza.device.Networking-aka-Combine";
				PRODUCT_NAME = "$(TARGET_NAME)";
				SWIFT_EMIT_LOC_STRINGS = YES;
				SWIFT_VERSION = 5.0;
				TARGETED_DEVICE_FAMILY = "1,2";
			};
			name = Release;
		};
/* End XCBuildConfiguration section */

/* Begin XCConfigurationList section */
		E78036FC2BB64F2900352250 /* Build configuration list for PBXProject "Networking aka Combine" */ = {
			isa = XCConfigurationList;
			buildConfigurations = (
				E78037132BB64F2B00352250 /* Debug */,
				E78037142BB64F2B00352250 /* Release */,
			);
			defaultConfigurationIsVisible = 0;
			defaultConfigurationName = Release;
		};
		E78037152BB64F2B00352250 /* Build configuration list for PBXNativeTarget "Networking aka Combine" */ = {
			isa = XCConfigurationList;
			buildConfigurations = (
				E78037162BB64F2B00352250 /* Debug */,
				E78037172BB64F2B00352250 /* Release */,
			);
			defaultConfigurationIsVisible = 0;
			defaultConfigurationName = Release;
		};
/* End XCConfigurationList section */
	};
	rootObject = E78036F92BB64F2900352250 /* Project object */;
}
